// !$*UTF8*$!
{
	archiveVersion = 1;
	classes = {
	};
	objectVersion = 46;
	objects = {

/* Begin PBXBuildFile section */
		460EEAE91A4B9D2D006B00AE /* back.png in Resources */ = {isa = PBXBuildFile; fileRef = 460EEAE81A4B9D2D006B00AE /* back.png */; };
		469086651A4A4D26002883AA /* Foundation.framework in Frameworks */ = {isa = PBXBuildFile; fileRef = 469086641A4A4D26002883AA /* Foundation.framework */; };
		469086671A4A4D26002883AA /* CoreGraphics.framework in Frameworks */ = {isa = PBXBuildFile; fileRef = 469086661A4A4D26002883AA /* CoreGraphics.framework */; };
		469086691A4A4D26002883AA /* UIKit.framework in Frameworks */ = {isa = PBXBuildFile; fileRef = 469086681A4A4D26002883AA /* UIKit.framework */; };
		4690866F1A4A4D26002883AA /* InfoPlist.strings in Resources */ = {isa = PBXBuildFile; fileRef = 4690866D1A4A4D26002883AA /* InfoPlist.strings */; };
		469086711A4A4D26002883AA /* main.m in Sources */ = {isa = PBXBuildFile; fileRef = 469086701A4A4D26002883AA /* main.m */; };
		469086751A4A4D26002883AA /* QuizAppDelegate.m in Sources */ = {isa = PBXBuildFile; fileRef = 469086741A4A4D26002883AA /* QuizAppDelegate.m */; };
		469086781A4A4D26002883AA /* Main.storyboard in Resources */ = {isa = PBXBuildFile; fileRef = 469086761A4A4D26002883AA /* Main.storyboard */; };
		4690867B1A4A4D26002883AA /* QuizViewController.m in Sources */ = {isa = PBXBuildFile; fileRef = 4690867A1A4A4D26002883AA /* QuizViewController.m */; };
		4690867D1A4A4D26002883AA /* Images.xcassets in Resources */ = {isa = PBXBuildFile; fileRef = 4690867C1A4A4D26002883AA /* Images.xcassets */; };
		469086841A4A4D26002883AA /* XCTest.framework in Frameworks */ = {isa = PBXBuildFile; fileRef = 469086831A4A4D26002883AA /* XCTest.framework */; };
		469086851A4A4D26002883AA /* Foundation.framework in Frameworks */ = {isa = PBXBuildFile; fileRef = 469086641A4A4D26002883AA /* Foundation.framework */; };
		469086861A4A4D26002883AA /* UIKit.framework in Frameworks */ = {isa = PBXBuildFile; fileRef = 469086681A4A4D26002883AA /* UIKit.framework */; };
		4690868E1A4A4D26002883AA /* InfoPlist.strings in Resources */ = {isa = PBXBuildFile; fileRef = 4690868C1A4A4D26002883AA /* InfoPlist.strings */; };
		469086901A4A4D26002883AA /* ChapterQuizTests.m in Sources */ = {isa = PBXBuildFile; fileRef = 4690868F1A4A4D26002883AA /* ChapterQuizTests.m */; };
		4690869B1A4A570A002883AA /* Hypno.png in Resources */ = {isa = PBXBuildFile; fileRef = 4690869A1A4A570A002883AA /* Hypno.png */; };
		4690869D1A4A5717002883AA /* Hypno@2x.png in Resources */ = {isa = PBXBuildFile; fileRef = 4690869C1A4A5717002883AA /* Hypno@2x.png */; };
/* End PBXBuildFile section */

/* Begin PBXContainerItemProxy section */
		469086871A4A4D26002883AA /* PBXContainerItemProxy */ = {
			isa = PBXContainerItemProxy;
			containerPortal = 469086591A4A4D26002883AA /* Project object */;
			proxyType = 1;
			remoteGlobalIDString = 469086601A4A4D26002883AA;
			remoteInfo = ChapterQuiz;
		};
/* End PBXContainerItemProxy section */

/* Begin PBXFileReference section */
		460EEAE81A4B9D2D006B00AE /* back.png */ = {isa = PBXFileReference; lastKnownFileType = image.png; path = back.png; sourceTree = "<group>"; };
		469086611A4A4D26002883AA /* ChapterQuiz.app */ = {isa = PBXFileReference; explicitFileType = wrapper.application; includeInIndex = 0; path = ChapterQuiz.app; sourceTree = BUILT_PRODUCTS_DIR; };
		469086641A4A4D26002883AA /* Foundation.framework */ = {isa = PBXFileReference; lastKnownFileType = wrapper.framework; name = Foundation.framework; path = System/Library/Frameworks/Foundation.framework; sourceTree = SDKROOT; };
		469086661A4A4D26002883AA /* CoreGraphics.framework */ = {isa = PBXFileReference; lastKnownFileType = wrapper.framework; name = CoreGraphics.framework; path = System/Library/Frameworks/CoreGraphics.framework; sourceTree = SDKROOT; };
		469086681A4A4D26002883AA /* UIKit.framework */ = {isa = PBXFileReference; lastKnownFileType = wrapper.framework; name = UIKit.framework; path = System/Library/Frameworks/UIKit.framework; sourceTree = SDKROOT; };
		4690866C1A4A4D26002883AA /* ChapterQuiz-Info.plist */ = {isa = PBXFileReference; lastKnownFileType = text.plist.xml; path = "ChapterQuiz-Info.plist"; sourceTree = "<group>"; };
		4690866E1A4A4D26002883AA /* en */ = {isa = PBXFileReference; lastKnownFileType = text.plist.strings; name = en; path = en.lproj/InfoPlist.strings; sourceTree = "<group>"; };
		469086701A4A4D26002883AA /* main.m */ = {isa = PBXFileReference; lastKnownFileType = sourcecode.c.objc; path = main.m; sourceTree = "<group>"; };
		469086721A4A4D26002883AA /* ChapterQuiz-Prefix.pch */ = {isa = PBXFileReference; lastKnownFileType = sourcecode.c.h; path = "ChapterQuiz-Prefix.pch"; sourceTree = "<group>"; };
		469086731A4A4D26002883AA /* QuizAppDelegate.h */ = {isa = PBXFileReference; lastKnownFileType = sourcecode.c.h; path = QuizAppDelegate.h; sourceTree = "<group>"; };
		469086741A4A4D26002883AA /* QuizAppDelegate.m */ = {isa = PBXFileReference; lastKnownFileType = sourcecode.c.objc; path = QuizAppDelegate.m; sourceTree = "<group>"; };
		469086771A4A4D26002883AA /* Base */ = {isa = PBXFileReference; lastKnownFileType = file.storyboard; name = Base; path = Base.lproj/Main.storyboard; sourceTree = "<group>"; };
		469086791A4A4D26002883AA /* QuizViewController.h */ = {isa = PBXFileReference; lastKnownFileType = sourcecode.c.h; path = QuizViewController.h; sourceTree = "<group>"; };
		4690867A1A4A4D26002883AA /* QuizViewController.m */ = {isa = PBXFileReference; lastKnownFileType = sourcecode.c.objc; path = QuizViewController.m; sourceTree = "<group>"; };
		4690867C1A4A4D26002883AA /* Images.xcassets */ = {isa = PBXFileReference; lastKnownFileType = folder.assetcatalog; path = Images.xcassets; sourceTree = "<group>"; };
		469086821A4A4D26002883AA /* ChapterQuizTests.xctest */ = {isa = PBXFileReference; explicitFileType = wrapper.cfbundle; includeInIndex = 0; path = ChapterQuizTests.xctest; sourceTree = BUILT_PRODUCTS_DIR; };
		469086831A4A4D26002883AA /* XCTest.framework */ = {isa = PBXFileReference; lastKnownFileType = wrapper.framework; name = XCTest.framework; path = Library/Frameworks/XCTest.framework; sourceTree = DEVELOPER_DIR; };
		4690868B1A4A4D26002883AA /* ChapterQuizTests-Info.plist */ = {isa = PBXFileReference; lastKnownFileType = text.plist.xml; path = "ChapterQuizTests-Info.plist"; sourceTree = "<group>"; };
		4690868D1A4A4D26002883AA /* en */ = {isa = PBXFileReference; lastKnownFileType = text.plist.strings; name = en; path = en.lproj/InfoPlist.strings; sourceTree = "<group>"; };
		4690868F1A4A4D26002883AA /* ChapterQuizTests.m */ = {isa = PBXFileReference; lastKnownFileType = sourcecode.c.objc; path = ChapterQuizTests.m; sourceTree = "<group>"; };
		4690869A1A4A570A002883AA /* Hypno.png */ = {isa = PBXFileReference; lastKnownFileType = image.png; path = Hypno.png; sourceTree = "<group>"; };
		4690869C1A4A5717002883AA /* Hypno@2x.png */ = {isa = PBXFileReference; lastKnownFileType = image.png; path = "Hypno@2x.png"; sourceTree = "<group>"; };
/* End PBXFileReference section */

/* Begin PBXFrameworksBuildPhase section */
		4690865E1A4A4D26002883AA /* Frameworks */ = {
			isa = PBXFrameworksBuildPhase;
			buildActionMask = 2147483647;
			files = (
				469086671A4A4D26002883AA /* CoreGraphics.framework in Frameworks */,
				469086691A4A4D26002883AA /* UIKit.framework in Frameworks */,
				469086651A4A4D26002883AA /* Foundation.framework in Frameworks */,
			);
			runOnlyForDeploymentPostprocessing = 0;
		};
		4690867F1A4A4D26002883AA /* Frameworks */ = {
			isa = PBXFrameworksBuildPhase;
			buildActionMask = 2147483647;
			files = (
				469086841A4A4D26002883AA /* XCTest.framework in Frameworks */,
				469086861A4A4D26002883AA /* UIKit.framework in Frameworks */,
				469086851A4A4D26002883AA /* Foundation.framework in Frameworks */,
			);
			runOnlyForDeploymentPostprocessing = 0;
		};
/* End PBXFrameworksBuildPhase section */

/* Begin PBXGroup section */
		469086581A4A4D26002883AA = {
			isa = PBXGroup;
			children = (
				4690866A1A4A4D26002883AA /* ChapterQuiz */,
				469086891A4A4D26002883AA /* ChapterQuizTests */,
				469086631A4A4D26002883AA /* Frameworks */,
				469086621A4A4D26002883AA /* Products */,
			);
			sourceTree = "<group>";
		};
		469086621A4A4D26002883AA /* Products */ = {
			isa = PBXGroup;
			children = (
				469086611A4A4D26002883AA /* ChapterQuiz.app */,
				469086821A4A4D26002883AA /* ChapterQuizTests.xctest */,
			);
			name = Products;
			sourceTree = "<group>";
		};
		469086631A4A4D26002883AA /* Frameworks */ = {
			isa = PBXGroup;
			children = (
				469086641A4A4D26002883AA /* Foundation.framework */,
				469086661A4A4D26002883AA /* CoreGraphics.framework */,
				469086681A4A4D26002883AA /* UIKit.framework */,
				469086831A4A4D26002883AA /* XCTest.framework */,
			);
			name = Frameworks;
			sourceTree = "<group>";
		};
		4690866A1A4A4D26002883AA /* ChapterQuiz */ = {
			isa = PBXGroup;
			children = (
				469086991A4A56CB002883AA /* pic */,
				469086731A4A4D26002883AA /* QuizAppDelegate.h */,
				469086741A4A4D26002883AA /* QuizAppDelegate.m */,
				469086761A4A4D26002883AA /* Main.storyboard */,
				469086791A4A4D26002883AA /* QuizViewController.h */,
				4690867A1A4A4D26002883AA /* QuizViewController.m */,
				4690867C1A4A4D26002883AA /* Images.xcassets */,
				4690866B1A4A4D26002883AA /* Supporting Files */,
			);
			path = ChapterQuiz;
			sourceTree = "<group>";
		};
		4690866B1A4A4D26002883AA /* Supporting Files */ = {
			isa = PBXGroup;
			children = (
				4690866C1A4A4D26002883AA /* ChapterQuiz-Info.plist */,
				4690866D1A4A4D26002883AA /* InfoPlist.strings */,
				469086701A4A4D26002883AA /* main.m */,
				469086721A4A4D26002883AA /* ChapterQuiz-Prefix.pch */,
			);
			name = "Supporting Files";
			sourceTree = "<group>";
		};
		469086891A4A4D26002883AA /* ChapterQuizTests */ = {
			isa = PBXGroup;
			children = (
				4690868F1A4A4D26002883AA /* ChapterQuizTests.m */,
				4690868A1A4A4D26002883AA /* Supporting Files */,
			);
			path = ChapterQuizTests;
			sourceTree = "<group>";
		};
		4690868A1A4A4D26002883AA /* Supporting Files */ = {
			isa = PBXGroup;
			children = (
				4690868B1A4A4D26002883AA /* ChapterQuizTests-Info.plist */,
				4690868C1A4A4D26002883AA /* InfoPlist.strings */,
			);
			name = "Supporting Files";
			sourceTree = "<group>";
		};
		469086991A4A56CB002883AA /* pic */ = {
			isa = PBXGroup;
			children = (
				4690869A1A4A570A002883AA /* Hypno.png */,
				4690869C1A4A5717002883AA /* Hypno@2x.png */,
				460EEAE81A4B9D2D006B00AE /* back.png */,
			);
			name = pic;
			sourceTree = "<group>";
		};
/* End PBXGroup section */

/* Begin PBXNativeTarget section */
		469086601A4A4D26002883AA /* ChapterQuiz */ = {
			isa = PBXNativeTarget;
			buildConfigurationList = 469086931A4A4D26002883AA /* Build configuration list for PBXNativeTarget "ChapterQuiz" */;
			buildPhases = (
				4690865D1A4A4D26002883AA /* Sources */,
				4690865E1A4A4D26002883AA /* Frameworks */,
				4690865F1A4A4D26002883AA /* Resources */,
			);
			buildRules = (
			);
			dependencies = (
			);
			name = ChapterQuiz;
			productName = ChapterQuiz;
			productReference = 469086611A4A4D26002883AA /* ChapterQuiz.app */;
			productType = "com.apple.product-type.application";
		};
		469086811A4A4D26002883AA /* ChapterQuizTests */ = {
			isa = PBXNativeTarget;
			buildConfigurationList = 469086961A4A4D26002883AA /* Build configuration list for PBXNativeTarget "ChapterQuizTests" */;
			buildPhases = (
				4690867E1A4A4D26002883AA /* Sources */,
				4690867F1A4A4D26002883AA /* Frameworks */,
				469086801A4A4D26002883AA /* Resources */,
			);
			buildRules = (
			);
			dependencies = (
				469086881A4A4D26002883AA /* PBXTargetDependency */,
			);
			name = ChapterQuizTests;
			productName = ChapterQuizTests;
			productReference = 469086821A4A4D26002883AA /* ChapterQuizTests.xctest */;
			productType = "com.apple.product-type.bundle.unit-test";
		};
/* End PBXNativeTarget section */

/* Begin PBXProject section */
		469086591A4A4D26002883AA /* Project object */ = {
			isa = PBXProject;
			attributes = {
				CLASSPREFIX = Quiz;
				LastUpgradeCheck = 0510;
				ORGANIZATIONNAME = cn.com.tiros;
				TargetAttributes = {
					469086811A4A4D26002883AA = {
						TestTargetID = 469086601A4A4D26002883AA;
					};
				};
			};
			buildConfigurationList = 4690865C1A4A4D26002883AA /* Build configuration list for PBXProject "ChapterQuiz" */;
			compatibilityVersion = "Xcode 3.2";
			developmentRegion = English;
			hasScannedForEncodings = 0;
			knownRegions = (
				en,
				Base,
			);
			mainGroup = 469086581A4A4D26002883AA;
			productRefGroup = 469086621A4A4D26002883AA /* Products */;
			projectDirPath = "";
			projectRoot = "";
			targets = (
				469086601A4A4D26002883AA /* ChapterQuiz */,
				469086811A4A4D26002883AA /* ChapterQuizTests */,
			);
		};
/* End PBXProject section */

/* Begin PBXResourcesBuildPhase section */
		4690865F1A4A4D26002883AA /* Resources */ = {
			isa = PBXResourcesBuildPhase;
			buildActionMask = 2147483647;
			files = (
				4690867D1A4A4D26002883AA /* Images.xcassets in Resources */,
				4690866F1A4A4D26002883AA /* InfoPlist.strings in Resources */,
				460EEAE91A4B9D2D006B00AE /* back.png in Resources */,
				4690869B1A4A570A002883AA /* Hypno.png in Resources */,
				4690869D1A4A5717002883AA /* Hypno@2x.png in Resources */,
				469086781A4A4D26002883AA /* Main.storyboard in Resources */,
			);
			runOnlyForDeploymentPostprocessing = 0;
		};
		469086801A4A4D26002883AA /* Resources */ = {
			isa = PBXResourcesBuildPhase;
			buildActionMask = 2147483647;
			files = (
				4690868E1A4A4D26002883AA /* InfoPlist.strings in Resources */,
			);
			runOnlyForDeploymentPostprocessing = 0;
		};
/* End PBXResourcesBuildPhase section */

/* Begin PBXSourcesBuildPhase section */
		4690865D1A4A4D26002883AA /* Sources */ = {
			isa = PBXSourcesBuildPhase;
			buildActionMask = 2147483647;
			files = (
				469086711A4A4D26002883AA /* main.m in Sources */,
				469086751A4A4D26002883AA /* QuizAppDelegate.m in Sources */,
				4690867B1A4A4D26002883AA /* QuizViewController.m in Sources */,
			);
			runOnlyForDeploymentPostprocessing = 0;
		};
		4690867E1A4A4D26002883AA /* Sources */ = {
			isa = PBXSourcesBuildPhase;
			buildActionMask = 2147483647;
			files = (
				469086901A4A4D26002883AA /* ChapterQuizTests.m in Sources */,
			);
			runOnlyForDeploymentPostprocessing = 0;
		};
/* End PBXSourcesBuildPhase section */

/* Begin PBXTargetDependency section */
		469086881A4A4D26002883AA /* PBXTargetDependency */ = {
			isa = PBXTargetDependency;
			target = 469086601A4A4D26002883AA /* ChapterQuiz */;
			targetProxy = 469086871A4A4D26002883AA /* PBXContainerItemProxy */;
		};
/* End PBXTargetDependency section */

/* Begin PBXVariantGroup section */
		4690866D1A4A4D26002883AA /* InfoPlist.strings */ = {
			isa = PBXVariantGroup;
			children = (
				4690866E1A4A4D26002883AA /* en */,
			);
			name = InfoPlist.strings;
			sourceTree = "<group>";
		};
		469086761A4A4D26002883AA /* Main.storyboard */ = {
			isa = PBXVariantGroup;
			children = (
				469086771A4A4D26002883AA /* Base */,
			);
			name = Main.storyboard;
			sourceTree = "<group>";
		};
		4690868C1A4A4D26002883AA /* InfoPlist.strings */ = {
			isa = PBXVariantGroup;
			children = (
				4690868D1A4A4D26002883AA /* en */,
			);
			name = InfoPlist.strings;
			sourceTree = "<group>";
		};
/* End PBXVariantGroup section */

/* Begin XCBuildConfiguration section */
		469086911A4A4D26002883AA /* Debug */ = {
			isa = XCBuildConfiguration;
			buildSettings = {
				ALWAYS_SEARCH_USER_PATHS = NO;
				CLANG_CXX_LANGUAGE_STANDARD = "gnu++0x";
				CLANG_CXX_LIBRARY = "libc++";
				CLANG_ENABLE_MODULES = YES;
				CLANG_ENABLE_OBJC_ARC = YES;
				CLANG_WARN_BOOL_CONVERSION = YES;
				CLANG_WARN_CONSTANT_CONVERSION = YES;
				CLANG_WARN_DIRECT_OBJC_ISA_USAGE = YES_ERROR;
				CLANG_WARN_EMPTY_BODY = YES;
				CLANG_WARN_ENUM_CONVERSION = YES;
				CLANG_WARN_INT_CONVERSION = YES;
				CLANG_WARN_OBJC_ROOT_CLASS = YES_ERROR;
				CLANG_WARN__DUPLICATE_METHOD_MATCH = YES;
				"CODE_SIGN_IDENTITY[sdk=iphoneos*]" = "iPhone Developer";
				COPY_PHASE_STRIP = NO;
				GCC_C_LANGUAGE_STANDARD = gnu99;
				GCC_DYNAMIC_NO_PIC = NO;
				GCC_OPTIMIZATION_LEVEL = 0;
				GCC_PREPROCESSOR_DEFINITIONS = (
					"DEBUG=1",
					"$(inherited)",
				);
				GCC_SYMBOLS_PRIVATE_EXTERN = NO;
				GCC_WARN_64_TO_32_BIT_CONVERSION = YES;
				GCC_WARN_ABOUT_RETURN_TYPE = YES_ERROR;
				GCC_WARN_UNDECLARED_SELECTOR = YES;
				GCC_WARN_UNINITIALIZED_AUTOS = YES_AGGRESSIVE;
				GCC_WARN_UNUSED_FUNCTION = YES;
				GCC_WARN_UNUSED_VARIABLE = YES;
				IPHONEOS_DEPLOYMENT_TARGET = 7.1;
				ONLY_ACTIVE_ARCH = YES;
				SDKROOT = iphoneos;
			};
			name = Debug;
		};
		469086921A4A4D26002883AA /* Release */ = {
			isa = XCBuildConfiguration;
			buildSettings = {
				ALWAYS_SEARCH_USER_PATHS = NO;
				CLANG_CXX_LANGUAGE_STANDARD = "gnu++0x";
				CLANG_CXX_LIBRARY = "libc++";
				CLANG_ENABLE_MODULES = YES;
				CLANG_ENABLE_OBJC_ARC = YES;
				CLANG_WARN_BOOL_CONVERSION = YES;
				CLANG_WARN_CONSTANT_CONVERSION = YES;
				CLANG_WARN_DIRECT_OBJC_ISA_USAGE = YES_ERROR;
				CLANG_WARN_EMPTY_BODY = YES;
				CLANG_WARN_ENUM_CONVERSION = YES;
				CLANG_WARN_INT_CONVERSION = YES;
				CLANG_WARN_OBJC_ROOT_CLASS = YES_ERROR;
				CLANG_WARN__DUPLICATE_METHOD_MATCH = YES;
				"CODE_SIGN_IDENTITY[sdk=iphoneos*]" = "iPhone Developer";
				COPY_PHASE_STRIP = YES;
				ENABLE_NS_ASSERTIONS = NO;
				GCC_C_LANGUAGE_STANDARD = gnu99;
				GCC_WARN_64_TO_32_BIT_CONVERSION = YES;
				GCC_WARN_ABOUT_RETURN_TYPE = YES_ERROR;
				GCC_WARN_UNDECLARED_SELECTOR = YES;
				GCC_WARN_UNINITIALIZED_AUTOS = YES_AGGRESSIVE;
				GCC_WARN_UNUSED_FUNCTION = YES;
				GCC_WARN_UNUSED_VARIABLE = YES;
				IPHONEOS_DEPLOYMENT_TARGET = 7.1;
				SDKROOT = iphoneos;
				VALIDATE_PRODUCT = YES;
			};
			name = Release;
		};
		469086941A4A4D26002883AA /* Debug */ = {
			isa = XCBuildConfiguration;
			buildSettings = {
				GCC_PRECOMPILE_PREFIX_HEADER = YES;
				GCC_PREFIX_HEADER = "ChapterQuiz/ChapterQuiz-Prefix.pch";
				INFOPLIST_FILE = "ChapterQuiz/ChapterQuiz-Info.plist";
				PRODUCT_NAME = "$(TARGET_NAME)";
				WRAPPER_EXTENSION = app;
			};
			name = Debug;
		};
		469086951A4A4D26002883AA /* Release */ = {
			isa = XCBuildConfiguration;
			buildSettings = {
				GCC_PRECOMPILE_PREFIX_HEADER = YES;
				GCC_PREFIX_HEADER = "ChapterQuiz/ChapterQuiz-Prefix.pch";
				INFOPLIST_FILE = "ChapterQuiz/ChapterQuiz-Info.plist";
				PRODUCT_NAME = "$(TARGET_NAME)";
				WRAPPER_EXTENSION = app;
			};
			name = Release;
		};
		469086971A4A4D26002883AA /* Debug */ = {
			isa = XCBuildConfiguration;
			buildSettings = {
				BUNDLE_LOADER = "$(BUILT_PRODUCTS_DIR)/ChapterQuiz.app/ChapterQuiz";
				FRAMEWORK_SEARCH_PATHS = (
					"$(SDKROOT)/Developer/Library/Frameworks",
					"$(inherited)",
					"$(DEVELOPER_FRAMEWORKS_DIR)",
				);
				GCC_PRECOMPILE_PREFIX_HEADER = YES;
				GCC_PREFIX_HEADER = "ChapterQuiz/ChapterQuiz-Prefix.pch";
				GCC_PREPROCESSOR_DEFINITIONS = (
					"DEBUG=1",
					"$(inherited)",
				);
				INFOPLIST_FILE = "ChapterQuizTests/ChapterQuizTests-Info.plist";
				PRODUCT_NAME = "$(TARGET_NAME)";
				TEST_HOST = "$(BUNDLE_LOADER)";
				WRAPPER_EXTENSION = xctest;
			};
			name = Debug;
		};
		469086981A4A4D26002883AA /* Release */ = {
			isa = XCBuildConfiguration;
			buildSettings = {
				BUNDLE_LOADER = "$(BUILT_PRODUCTS_DIR)/ChapterQuiz.app/ChapterQuiz";
				FRAMEWORK_SEARCH_PATHS = (
					"$(SDKROOT)/Developer/Library/Frameworks",
					"$(inherited)",
					"$(DEVELOPER_FRAMEWORKS_DIR)",
				);
				GCC_PRECOMPILE_PREFIX_HEADER = YES;
				GCC_PREFIX_HEADER = "ChapterQuiz/ChapterQuiz-Prefix.pch";
				INFOPLIST_FILE = "ChapterQuizTests/ChapterQuizTests-Info.plist";
				PRODUCT_NAME = "$(TARGET_NAME)";
				TEST_HOST = "$(BUNDLE_LOADER)";
				WRAPPER_EXTENSION = xctest;
			};
			name = Release;
		};
/* End XCBuildConfiguration section */

/* Begin XCConfigurationList section */
		4690865C1A4A4D26002883AA /* Build configuration list for PBXProject "ChapterQuiz" */ = {
			isa = XCConfigurationList;
			buildConfigurations = (
				469086911A4A4D26002883AA /* Debug */,
				469086921A4A4D26002883AA /* Release */,
			);
			defaultConfigurationIsVisible = 0;
			defaultConfigurationName = Release;
		};
		469086931A4A4D26002883AA /* Build configuration list for PBXNativeTarget "ChapterQuiz" */ = {
			isa = XCConfigurationList;
			buildConfigurations = (
				469086941A4A4D26002883AA /* Debug */,
				469086951A4A4D26002883AA /* Release */,
			);
			defaultConfigurationIsVisible = 0;
			defaultConfigurationName = Release;
		};
		469086961A4A4D26002883AA /* Build configuration list for PBXNativeTarget "ChapterQuizTests" */ = {
			isa = XCConfigurationList;
			buildConfigurations = (
				469086971A4A4D26002883AA /* Debug */,
				469086981A4A4D26002883AA /* Release */,
			);
			defaultConfigurationIsVisible = 0;
			defaultConfigurationName = Release;
		};
/* End XCConfigurationList section */
	};
	rootObject = 469086591A4A4D26002883AA /* Project object */;
}
